
Microsoft Visual Studio Solution File, Format Version 12.00
# Visual Studio Version 16
VisualStudioVersion = 16.0.30804.86
MinimumVisualStudioVersion = 10.0.40219.1
Project("{FAE04EC0-301F-11D3-BF4B-00C04F79EFBC}") = "BookListMVC1", "BookListMVC1\BookListMVC1.csproj", "{82366FBA-F28A-42B1-8D82-87BB00E62B00}"
EndProject
Global
	GlobalSection(SolutionConfigurationPlatforms) = preSolution
		Debug|Any CPU = Debug|Any CPU
		Release|Any CPU = Release|Any CPU
	EndGlobalSection
	GlobalSection(ProjectConfigurationPlatforms) = postSolution
		{82366FBA-F28A-42B1-8D82-87BB00E62B00}.Debug|Any CPU.ActiveCfg = Debug|Any CPU
		{82366FBA-F28A-42B1-8D82-87BB00E62B00}.Debug|Any CPU.Build.0 = Debug|Any CPU
		{82366FBA-F28A-42B1-8D82-87BB00E62B00}.Release|Any CPU.ActiveCfg = Release|Any CPU
		{82366FBA-F28A-42B1-8D82-87BB00E62B00}.Release|Any CPU.Build.0 = Release|Any CPU
	EndGlobalSection
	GlobalSection(SolutionProperties) = preSolution
		HideSolutionNode = FALSE
	EndGlobalSection
	GlobalSection(ExtensibilityGlobals) = postSolution
		SolutionGuid = {742C1306-E5E0-4968-BE6F-055DB24C76A7}
	EndGlobalSection
EndGlobal
